Microsoft Visual Studio Solution File, Format Version 12.00# Visual Studio 2012Project("{FAE04EC0-301F-11D3-BF4B-00C04F79EFBC}") = "transform.Entities", "transform.Entities\transform.Entities.csproj", "{41975EF2-B282-4852-8A9D-0CB06B1EFA56}"EndProjectProject("{FAE04EC0-301F-11D3-BF4B-00C04F79EFBC}") = "transform.Daos.Interfaces", "transform.Daos.Interfaces\transform.Daos.Interfaces.csproj", "{ED3A1048-E48B-4F8F-8F0F-3E5049C496FE}"EndProjectProject("{FAE04EC0-301F-11D3-BF4B-00C04F79EFBC}") = "transform.Services.Interfaces", "transform.Services.Interfaces\transform.Services.Interfaces.csproj", "{3ACC767B-4569-44E8-97F5-0C865D2FD108}"EndProjectProject("{FAE04EC0-301F-11D3-BF4B-00C04F79EFBC}") = "transform.Daos", "transform.Daos\transform.Daos.csproj", "{33BB7BA6-7B59-44CE-B542-224DAFC026A8}"EndProjectProject("{FAE04EC0-301F-11D3-BF4B-00C04F79EFBC}") = "transform.Services", "transform.Services\transform.Services.csproj", "{779BB030-6288-4872-B7F3-D591E8FFB280}"EndProjectProject("{FAE04EC0-301F-11D3-BF4B-00C04F79EFBC}") = "transform.TestData", "transform.TestData\transform.TestData.csproj", "{5DDF1D92-4EB3-43DF-9FC1-0EFD7B58F4C1}"EndProjectProject("{FAE04EC0-301F-11D3-BF4B-00C04F79EFBC}") = "transform.Daos.Mocks", "transform.Daos.Mocks\transform.Daos.Mocks.csproj", "{BB353786-D6A8-4A3B-9479-839695A40827}"EndProjectProject("{FAE04EC0-301F-11D3-BF4B-00C04F79EFBC}") = "transform.Daos.Tests", "transform.Daos.Tests\transform.Daos.Tests.csproj", "{8E8F5B55-5E17-4C07-BB1A-D1745225BB40}"EndProjectProject("{FAE04EC0-301F-11D3-BF4B-00C04F79EFBC}") = "transform.Services.Tests", "transform.Services.Tests\transform.Services.Tests.csproj", "{AF549AA2-9F36-427C-A8AB-2B2185D73298}"EndProjectProject("{FAE04EC0-301F-11D3-BF4B-00C04F79EFBC}") = "transform.Web", "transform.Web\transform.Web.csproj", "{8CDA8BCB-0FB5-49C5-A759-85255240D79B}"EndProjectProject("{FAE04EC0-301F-11D3-BF4B-00C04F79EFBC}") = "transform.WebApi", "transform.WebApi\transform.WebApi.csproj", "{0F028D7C-0F11-421B-AF21-F69D69607925}"EndProject<!--add customized code between this region--><!--add customized code between this region-->Global	GlobalSection(SolutionConfigurationPlatforms) = preSolution		Debug|Any CPU = Debug|Any CPU		Release|Any CPU = Release|Any CPU	EndGlobalSection	GlobalSection(ProjectConfigurationPlatforms) = postSolution		{41975EF2-B282-4852-8A9D-0CB06B1EFA56}.Debug|Any CPU.ActiveCfg = Debug|Any CPU		{41975EF2-B282-4852-8A9D-0CB06B1EFA56}.Debug|Any CPU.Build.0 = Debug|Any CPU		{41975EF2-B282-4852-8A9D-0CB06B1EFA56}.Release|Any CPU.ActiveCfg = Release|Any CPU		{41975EF2-B282-4852-8A9D-0CB06B1EFA56}.Release|Any CPU.Build.0 = Release|Any CPU		{ED3A1048-E48B-4F8F-8F0F-3E5049C496FE}.Debug|Any CPU.ActiveCfg = Debug|Any CPU		{ED3A1048-E48B-4F8F-8F0F-3E5049C496FE}.Debug|Any CPU.Build.0 = Debug|Any CPU		{ED3A1048-E48B-4F8F-8F0F-3E5049C496FE}.Release|Any CPU.ActiveCfg = Release|Any CPU		{ED3A1048-E48B-4F8F-8F0F-3E5049C496FE}.Release|Any CPU.Build.0 = Release|Any CPU		{3ACC767B-4569-44E8-97F5-0C865D2FD108}.Debug|Any CPU.ActiveCfg = Debug|Any CPU		{3ACC767B-4569-44E8-97F5-0C865D2FD108}.Debug|Any CPU.Build.0 = Debug|Any CPU		{3ACC767B-4569-44E8-97F5-0C865D2FD108}.Release|Any CPU.ActiveCfg = Release|Any CPU		{3ACC767B-4569-44E8-97F5-0C865D2FD108}.Release|Any CPU.Build.0 = Release|Any CPU		{33BB7BA6-7B59-44CE-B542-224DAFC026A8}.Debug|Any CPU.ActiveCfg = Debug|Any CPU		{33BB7BA6-7B59-44CE-B542-224DAFC026A8}.Debug|Any CPU.Build.0 = Debug|Any CPU		{33BB7BA6-7B59-44CE-B542-224DAFC026A8}.Release|Any CPU.ActiveCfg = Release|Any CPU		{33BB7BA6-7B59-44CE-B542-224DAFC026A8}.Release|Any CPU.Build.0 = Release|Any CPU		{779BB030-6288-4872-B7F3-D591E8FFB280}.Debug|Any CPU.ActiveCfg = Debug|Any CPU		{779BB030-6288-4872-B7F3-D591E8FFB280}.Debug|Any CPU.Build.0 = Debug|Any CPU		{779BB030-6288-4872-B7F3-D591E8FFB280}.Release|Any CPU.ActiveCfg = Release|Any CPU		{779BB030-6288-4872-B7F3-D591E8FFB280}.Release|Any CPU.Build.0 = Release|Any CPU		{5DDF1D92-4EB3-43DF-9FC1-0EFD7B58F4C1}.Debug|Any CPU.ActiveCfg = Debug|Any CPU		{5DDF1D92-4EB3-43DF-9FC1-0EFD7B58F4C1}.Debug|Any CPU.Build.0 = Debug|Any CPU		{5DDF1D92-4EB3-43DF-9FC1-0EFD7B58F4C1}.Release|Any CPU.ActiveCfg = Release|Any CPU		{5DDF1D92-4EB3-43DF-9FC1-0EFD7B58F4C1}.Release|Any CPU.Build.0 = Release|Any CPU		{BB353786-D6A8-4A3B-9479-839695A40827}.Debug|Any CPU.ActiveCfg = Debug|Any CPU		{BB353786-D6A8-4A3B-9479-839695A40827}.Debug|Any CPU.Build.0 = Debug|Any CPU		{BB353786-D6A8-4A3B-9479-839695A40827}.Release|Any CPU.ActiveCfg = Release|Any CPU		{BB353786-D6A8-4A3B-9479-839695A40827}.Release|Any CPU.Build.0 = Release|Any CPU		{8E8F5B55-5E17-4C07-BB1A-D1745225BB40}.Debug|Any CPU.ActiveCfg = Debug|Any CPU		{8E8F5B55-5E17-4C07-BB1A-D1745225BB40}.Debug|Any CPU.Build.0 = Debug|Any CPU		{8E8F5B55-5E17-4C07-BB1A-D1745225BB40}.Release|Any CPU.ActiveCfg = Release|Any CPU		{8E8F5B55-5E17-4C07-BB1A-D1745225BB40}.Release|Any CPU.Build.0 = Release|Any CPU		{AF549AA2-9F36-427C-A8AB-2B2185D73298}.Debug|Any CPU.ActiveCfg = Debug|Any CPU		{AF549AA2-9F36-427C-A8AB-2B2185D73298}.Debug|Any CPU.Build.0 = Debug|Any CPU		{AF549AA2-9F36-427C-A8AB-2B2185D73298}.Release|Any CPU.ActiveCfg = Release|Any CPU		{AF549AA2-9F36-427C-A8AB-2B2185D73298}.Release|Any CPU.Build.0 = Release|Any CPU		{8CDA8BCB-0FB5-49C5-A759-85255240D79B}.Debug|Any CPU.ActiveCfg = Debug|Any CPU		{8CDA8BCB-0FB5-49C5-A759-85255240D79B}.Debug|Any CPU.Build.0 = Debug|Any CPU		{8CDA8BCB-0FB5-49C5-A759-85255240D79B}.Release|Any CPU.ActiveCfg = Release|Any CPU		{8CDA8BCB-0FB5-49C5-A759-85255240D79B}.Release|Any CPU.Build.0 = Release|Any CPU		{0F028D7C-0F11-421B-AF21-F69D69607925}.Debug|Any CPU.ActiveCfg = Debug|Any CPU		{0F028D7C-0F11-421B-AF21-F69D69607925}.Debug|Any CPU.Build.0 = Debug|Any CPU		{0F028D7C-0F11-421B-AF21-F69D69607925}.Release|Any CPU.ActiveCfg = Release|Any CPU		{0F028D7C-0F11-421B-AF21-F69D69607925}.Release|Any CPU.Build.0 = Release|Any CPU		<!--add customized code between this region-->		<!--add customized code between this region-->	EndGlobalSection
	GlobalSection(SolutionProperties) = preSolution		HideSolutionNode = FALSE	EndGlobalSectionEndGlobal